# This file was autogenerated by Stack.
# You should not edit this file by hand.
# For more information, please see the documentation at:
#   https://docs.haskellstack.org/en/stable/lock_files

packages:
- completed:
    hackage: hgeometry-combinatorial-0.9.0.0@sha256:a03b48302d8c542ff2ff90ba5d45f2742cc21ed1a676c8fa4870cd461a273354,7367
    pantry-tree:
      size: 3029
      sha256: 34db701f1428f1e64c58b0c1df02228c136f1c7b0321a832c9ba6800b8049078
  original:
    hackage: hgeometry-combinatorial-0.9.0.0@sha256:a03b48302d8c542ff2ff90ba5d45f2742cc21ed1a676c8fa4870cd461a273354,7367
- completed:
    hackage: hgeometry-0.9.0.0@sha256:43043574d2ce39c543dfadb629ab3a41fe65d7bf68a1426d8d01312818bc6e4e,9702
    pantry-tree:
      size: 7938
      sha256: 12f4111632cb729bc0033a4091a660fe455a134ece285c6ca735945b9eaba3bc
  original:
    hackage: hgeometry-0.9.0.0@sha256:43043574d2ce39c543dfadb629ab3a41fe65d7bf68a1426d8d01312818bc6e4e,9702
snapshots:
- completed:
    size: 524804
    url: https://raw.githubusercontent.com/commercialhaskell/stackage-snapshots/master/lts/14/16.yaml
    sha256: 4d1519a4372d051d47a5eae2241cf3fb54e113d7475f89707ddb6ec06add2888
  original: lts-14.16
