# This file was autogenerated by Stack.
# You should not edit this file by hand.
# For more information, please see the documentation at:
#   https://docs.haskellstack.org/en/stable/lock_files

packages:
- completed:
    hackage: hgeometry-0.11.0.0@sha256:09ead201a6ac3492c0be8dda5a6b32792b9ae87cab730b8362d46ee8d5c2acb4,11714
    pantry-tree:
      size: 10298
      sha256: b5665fbc036aa985218b44d8036dd0cfde388d26a236dc51acf6bf266f98609c
  original:
    hackage: hgeometry-0.11.0.0@sha256:09ead201a6ac3492c0be8dda5a6b32792b9ae87cab730b8362d46ee8d5c2acb4
- completed:
    hackage: hgeometry-combinatorial-0.11.0.0@sha256:03176f235a1c49a415fe1266274dafca84deb917cbcbf9a654452686b4cd2bfe,8286
    pantry-tree:
      size: 3959
      sha256: 917d3000636f5f5b5b693084228def875d3c5f89e592b4d38ef8f9051c1f7fbc
  original:
    hackage: hgeometry-combinatorial-0.11.0.0@sha256:03176f235a1c49a415fe1266274dafca84deb917cbcbf9a654452686b4cd2bfe
- completed:
    hackage: matrix-0.3.6.1@sha256:96ab17d9a959cd5c0e9e6db5bc48069dba5f6fa17f7f4aea838d22f35e7bc047,1941
    pantry-tree:
      size: 417
      sha256: f04e95e139e7463809a1e30204f339a9b7938cf0aa54c74f68ac788aad3e316d
  original:
    hackage: matrix-0.3.6.1
snapshots:
- completed:
    size: 524804
    url: https://raw.githubusercontent.com/commercialhaskell/stackage-snapshots/master/lts/14/16.yaml
    sha256: 4d1519a4372d051d47a5eae2241cf3fb54e113d7475f89707ddb6ec06add2888
  original: lts-14.16
